// !$*UTF8*$!
{
	archiveVersion = 1;
	classes = {
	};
	objectVersion = 46;
	objects = {

/* Begin PBXBuildFile section */
		3E25428D1ABB7A2D0063BA22 /* main.m in Sources */ = {isa = PBXBuildFile; fileRef = 3E25428C1ABB7A2D0063BA22 /* main.m */; };
		3E2542901ABB7A2D0063BA22 /* AppDelegate.m in Sources */ = {isa = PBXBuildFile; fileRef = 3E25428F1ABB7A2D0063BA22 /* AppDelegate.m */; };
		3E2542931ABB7A2D0063BA22 /* ViewController.m in Sources */ = {isa = PBXBuildFile; fileRef = 3E2542921ABB7A2D0063BA22 /* ViewController.m */; };
		3E2542961ABB7A2D0063BA22 /* Main.storyboard in Resources */ = {isa = PBXBuildFile; fileRef = 3E2542941ABB7A2D0063BA22 /* Main.storyboard */; };
		3E2542981ABB7A2D0063BA22 /* Images.xcassets in Resources */ = {isa = PBXBuildFile; fileRef = 3E2542971ABB7A2D0063BA22 /* Images.xcassets */; };
		3E25429B1ABB7A2D0063BA22 /* LaunchScreen.xib in Resources */ = {isa = PBXBuildFile; fileRef = 3E2542991ABB7A2D0063BA22 /* LaunchScreen.xib */; };
		3E2542A71ABB7A2D0063BA22 /* FarkleTests.m in Sources */ = {isa = PBXBuildFile; fileRef = 3E2542A61ABB7A2D0063BA22 /* FarkleTests.m */; };
/* End PBXBuildFile section */

/* Begin PBXContainerItemProxy section */
		3E2542A11ABB7A2D0063BA22 /* PBXContainerItemProxy */ = {
			isa = PBXContainerItemProxy;
			containerPortal = 3E25427F1ABB7A2C0063BA22 /* Project object */;
			proxyType = 1;
			remoteGlobalIDString = 3E2542861ABB7A2C0063BA22;
			remoteInfo = Farkle;
		};
/* End PBXContainerItemProxy section */

/* Begin PBXFileReference section */
		3E2542871ABB7A2C0063BA22 /* Farkle.app */ = {isa = PBXFileReference; explicitFileType = wrapper.application; includeInIndex = 0; path = Farkle.app; sourceTree = BUILT_PRODUCTS_DIR; };
		3E25428B1ABB7A2D0063BA22 /* Info.plist */ = {isa = PBXFileReference; lastKnownFileType = text.plist.xml; path = Info.plist; sourceTree = "<group>"; };
		3E25428C1ABB7A2D0063BA22 /* main.m */ = {isa = PBXFileReference; lastKnownFileType = sourcecode.c.objc; path = main.m; sourceTree = "<group>"; };
		3E25428E1ABB7A2D0063BA22 /* AppDelegate.h */ = {isa = PBXFileReference; lastKnownFileType = sourcecode.c.h; path = AppDelegate.h; sourceTree = "<group>"; };
		3E25428F1ABB7A2D0063BA22 /* AppDelegate.m */ = {isa = PBXFileReference; lastKnownFileType = sourcecode.c.objc; path = AppDelegate.m; sourceTree = "<group>"; };
		3E2542911ABB7A2D0063BA22 /* ViewController.h */ = {isa = PBXFileReference; lastKnownFileType = sourcecode.c.h; path = ViewController.h; sourceTree = "<group>"; };
		3E2542921ABB7A2D0063BA22 /* ViewController.m */ = {isa = PBXFileReference; lastKnownFileType = sourcecode.c.objc; path = ViewController.m; sourceTree = "<group>"; };
		3E2542951ABB7A2D0063BA22 /* Base */ = {isa = PBXFileReference; lastKnownFileType = file.storyboard; name = Base; path = Base.lproj/Main.storyboard; sourceTree = "<group>"; };
		3E2542971ABB7A2D0063BA22 /* Images.xcassets */ = {isa = PBXFileReference; lastKnownFileType = folder.assetcatalog; path = Images.xcassets; sourceTree = "<group>"; };
		3E25429A1ABB7A2D0063BA22 /* Base */ = {isa = PBXFileReference; lastKnownFileType = file.xib; name = Base; path = Base.lproj/LaunchScreen.xib; sourceTree = "<group>"; };
		3E2542A01ABB7A2D0063BA22 /* FarkleTests.xctest */ = {isa = PBXFileReference; explicitFileType = wrapper.cfbundle; includeInIndex = 0; path = FarkleTests.xctest; sourceTree = BUILT_PRODUCTS_DIR; };
		3E2542A51ABB7A2D0063BA22 /* Info.plist */ = {isa = PBXFileReference; lastKnownFileType = text.plist.xml; path = Info.plist; sourceTree = "<group>"; };
		3E2542A61ABB7A2D0063BA22 /* FarkleTests.m */ = {isa = PBXFileReference; lastKnownFileType = sourcecode.c.objc; path = FarkleTests.m; sourceTree = "<group>"; };
/* End PBXFileReference section */

/* Begin PBXFrameworksBuildPhase section */
		3E2542841ABB7A2C0063BA22 /* Frameworks */ = {
			isa = PBXFrameworksBuildPhase;
			buildActionMask = 2147483647;
			files = (
			);
			runOnlyForDeploymentPostprocessing = 0;
		};
		3E25429D1ABB7A2D0063BA22 /* Frameworks */ = {
			isa = PBXFrameworksBuildPhase;
			buildActionMask = 2147483647;
			files = (
			);
			runOnlyForDeploymentPostprocessing = 0;
		};
/* End PBXFrameworksBuildPhase section */

/* Begin PBXGroup section */
		3E25427E1ABB7A2C0063BA22 = {
			isa = PBXGroup;
			children = (
				3E2542891ABB7A2C0063BA22 /* Farkle */,
				3E2542A31ABB7A2D0063BA22 /* FarkleTests */,
				3E2542881ABB7A2C0063BA22 /* Products */,
			);
			sourceTree = "<group>";
		};
		3E2542881ABB7A2C0063BA22 /* Products */ = {
			isa = PBXGroup;
			children = (
				3E2542871ABB7A2C0063BA22 /* Farkle.app */,
				3E2542A01ABB7A2D0063BA22 /* FarkleTests.xctest */,
			);
			name = Products;
			sourceTree = "<group>";
		};
		3E2542891ABB7A2C0063BA22 /* Farkle */ = {
			isa = PBXGroup;
			children = (
				3E25428E1ABB7A2D0063BA22 /* AppDelegate.h */,
				3E25428F1ABB7A2D0063BA22 /* AppDelegate.m */,
				3E2542911ABB7A2D0063BA22 /* ViewController.h */,
				3E2542921ABB7A2D0063BA22 /* ViewController.m */,
				3E2542941ABB7A2D0063BA22 /* Main.storyboard */,
				3E2542971ABB7A2D0063BA22 /* Images.xcassets */,
				3E2542991ABB7A2D0063BA22 /* LaunchScreen.xib */,
				3E25428A1ABB7A2D0063BA22 /* Supporting Files */,
			);
			path = Farkle;
			sourceTree = "<group>";
		};
		3E25428A1ABB7A2D0063BA22 /* Supporting Files */ = {
			isa = PBXGroup;
			children = (
				3E25428B1ABB7A2D0063BA22 /* Info.plist */,
				3E25428C1ABB7A2D0063BA22 /* main.m */,
			);
			name = "Supporting Files";
			sourceTree = "<group>";
		};
		3E2542A31ABB7A2D0063BA22 /* FarkleTests */ = {
			isa = PBXGroup;
			children = (
				3E2542A61ABB7A2D0063BA22 /* FarkleTests.m */,
				3E2542A41ABB7A2D0063BA22 /* Supporting Files */,
			);
			path = FarkleTests;
			sourceTree = "<group>";
		};
		3E2542A41ABB7A2D0063BA22 /* Supporting Files */ = {
			isa = PBXGroup;
			children = (
				3E2542A51ABB7A2D0063BA22 /* Info.plist */,
			);
			name = "Supporting Files";
			sourceTree = "<group>";
		};
/* End PBXGroup section */

/* Begin PBXNativeTarget section */
		3E2542861ABB7A2C0063BA22 /* Farkle */ = {
			isa = PBXNativeTarget;
			buildConfigurationList = 3E2542AA1ABB7A2D0063BA22 /* Build configuration list for PBXNativeTarget "Farkle" */;
			buildPhases = (
				3E2542831ABB7A2C0063BA22 /* Sources */,
				3E2542841ABB7A2C0063BA22 /* Frameworks */,
				3E2542851ABB7A2C0063BA22 /* Resources */,
			);
			buildRules = (
			);
			dependencies = (
			);
			name = Farkle;
			productName = Farkle;
			productReference = 3E2542871ABB7A2C0063BA22 /* Farkle.app */;
			productType = "com.apple.product-type.application";
		};
		3E25429F1ABB7A2D0063BA22 /* FarkleTests */ = {
			isa = PBXNativeTarget;
			buildConfigurationList = 3E2542AD1ABB7A2D0063BA22 /* Build configuration list for PBXNativeTarget "FarkleTests" */;
			buildPhases = (
				3E25429C1ABB7A2D0063BA22 /* Sources */,
				3E25429D1ABB7A2D0063BA22 /* Frameworks */,
				3E25429E1ABB7A2D0063BA22 /* Resources */,
			);
			buildRules = (
			);
			dependencies = (
				3E2542A21ABB7A2D0063BA22 /* PBXTargetDependency */,
			);
			name = FarkleTests;
			productName = FarkleTests;
			productReference = 3E2542A01ABB7A2D0063BA22 /* FarkleTests.xctest */;
			productType = "com.apple.product-type.bundle.unit-test";
		};
/* End PBXNativeTarget section */

/* Begin PBXProject section */
		3E25427F1ABB7A2C0063BA22 /* Project object */ = {
			isa = PBXProject;
			attributes = {
				LastUpgradeCheck = 0620;
				ORGANIZATIONNAME = MobileMakers;
				TargetAttributes = {
					3E2542861ABB7A2C0063BA22 = {
						CreatedOnToolsVersion = 6.2;
					};
					3E25429F1ABB7A2D0063BA22 = {
						CreatedOnToolsVersion = 6.2;
						TestTargetID = 3E2542861ABB7A2C0063BA22;
					};
				};
			};
			buildConfigurationList = 3E2542821ABB7A2C0063BA22 /* Build configuration list for PBXProject "Farkle" */;
			compatibilityVersion = "Xcode 3.2";
			developmentRegion = English;
			hasScannedForEncodings = 0;
			knownRegions = (
				en,
				Base,
			);
			mainGroup = 3E25427E1ABB7A2C0063BA22;
			productRefGroup = 3E2542881ABB7A2C0063BA22 /* Products */;
			projectDirPath = "";
			projectRoot = "";
			targets = (
				3E2542861ABB7A2C0063BA22 /* Farkle */,
				3E25429F1ABB7A2D0063BA22 /* FarkleTests */,
			);
		};
/* End PBXProject section */

/* Begin PBXResourcesBuildPhase section */
		3E2542851ABB7A2C0063BA22 /* Resources */ = {
			isa = PBXResourcesBuildPhase;
			buildActionMask = 2147483647;
			files = (
				3E2542961ABB7A2D0063BA22 /* Main.storyboard in Resources */,
				3E25429B1ABB7A2D0063BA22 /* LaunchScreen.xib in Resources */,
				3E2542981ABB7A2D0063BA22 /* Images.xcassets in Resources */,
			);
			runOnlyForDeploymentPostprocessing = 0;
		};
		3E25429E1ABB7A2D0063BA22 /* Resources */ = {
			isa = PBXResourcesBuildPhase;
			buildActionMask = 2147483647;
			files = (
			);
			runOnlyForDeploymentPostprocessing = 0;
		};
/* End PBXResourcesBuildPhase section */

/* Begin PBXSourcesBuildPhase section */
		3E2542831ABB7A2C0063BA22 /* Sources */ = {
			isa = PBXSourcesBuildPhase;
			buildActionMask = 2147483647;
			files = (
				3E2542931ABB7A2D0063BA22 /* ViewController.m in Sources */,
				3E2542901ABB7A2D0063BA22 /* AppDelegate.m in Sources */,
				3E25428D1ABB7A2D0063BA22 /* main.m in Sources */,
			);
			runOnlyForDeploymentPostprocessing = 0;
		};
		3E25429C1ABB7A2D0063BA22 /* Sources */ = {
			isa = PBXSourcesBuildPhase;
			buildActionMask = 2147483647;
			files = (
				3E2542A71ABB7A2D0063BA22 /* FarkleTests.m in Sources */,
			);
			runOnlyForDeploymentPostprocessing = 0;
		};
/* End PBXSourcesBuildPhase section */

/* Begin PBXTargetDependency section */
		3E2542A21ABB7A2D0063BA22 /* PBXTargetDependency */ = {
			isa = PBXTargetDependency;
			target = 3E2542861ABB7A2C0063BA22 /* Farkle */;
			targetProxy = 3E2542A11ABB7A2D0063BA22 /* PBXContainerItemProxy */;
		};
/* End PBXTargetDependency section */

/* Begin PBXVariantGroup section */
		3E2542941ABB7A2D0063BA22 /* Main.storyboard */ = {
			isa = PBXVariantGroup;
			children = (
				3E2542951ABB7A2D0063BA22 /* Base */,
			);
			name = Main.storyboard;
			sourceTree = "<group>";
		};
		3E2542991ABB7A2D0063BA22 /* LaunchScreen.xib */ = {
			isa = PBXVariantGroup;
			children = (
				3E25429A1ABB7A2D0063BA22 /* Base */,
			);
			name = LaunchScreen.xib;
			sourceTree = "<group>";
		};
/* End PBXVariantGroup section */

/* Begin XCBuildConfiguration section */
		3E2542A81ABB7A2D0063BA22 /* Debug */ = {
			isa = XCBuildConfiguration;
			buildSettings = {
				ALWAYS_SEARCH_USER_PATHS = NO;
				CLANG_CXX_LANGUAGE_STANDARD = "gnu++0x";
				CLANG_CXX_LIBRARY = "libc++";
				CLANG_ENABLE_MODULES = YES;
				CLANG_ENABLE_OBJC_ARC = YES;
				CLANG_WARN_BOOL_CONVERSION = YES;
				CLANG_WARN_CONSTANT_CONVERSION = YES;
				CLANG_WARN_DIRECT_OBJC_ISA_USAGE = YES_ERROR;
				CLANG_WARN_EMPTY_BODY = YES;
				CLANG_WARN_ENUM_CONVERSION = YES;
				CLANG_WARN_INT_CONVERSION = YES;
				CLANG_WARN_OBJC_ROOT_CLASS = YES_ERROR;
				CLANG_WARN_UNREACHABLE_CODE = YES;
				CLANG_WARN__DUPLICATE_METHOD_MATCH = YES;
				"CODE_SIGN_IDENTITY[sdk=iphoneos*]" = "iPhone Developer";
				COPY_PHASE_STRIP = NO;
				ENABLE_STRICT_OBJC_MSGSEND = YES;
				GCC_C_LANGUAGE_STANDARD = gnu99;
				GCC_DYNAMIC_NO_PIC = NO;
				GCC_OPTIMIZATION_LEVEL = 0;
				GCC_PREPROCESSOR_DEFINITIONS = (
					"DEBUG=1",
					"$(inherited)",
				);
				GCC_SYMBOLS_PRIVATE_EXTERN = NO;
				GCC_WARN_64_TO_32_BIT_CONVERSION = YES;
				GCC_WARN_ABOUT_RETURN_TYPE = YES_ERROR;
				GCC_WARN_UNDECLARED_SELECTOR = YES;
				GCC_WARN_UNINITIALIZED_AUTOS = YES_AGGRESSIVE;
				GCC_WARN_UNUSED_FUNCTION = YES;
				GCC_WARN_UNUSED_VARIABLE = YES;
				IPHONEOS_DEPLOYMENT_TARGET = 8.2;
				MTL_ENABLE_DEBUG_INFO = YES;
				ONLY_ACTIVE_ARCH = YES;
				SDKROOT = iphoneos;
				TARGETED_DEVICE_FAMILY = "1,2";
			};
			name = Debug;
		};
		3E2542A91ABB7A2D0063BA22 /* Release */ = {
			isa = XCBuildConfiguration;
			buildSettings = {
				ALWAYS_SEARCH_USER_PATHS = NO;
				CLANG_CXX_LANGUAGE_STANDARD = "gnu++0x";
				CLANG_CXX_LIBRARY = "libc++";
				CLANG_ENABLE_MODULES = YES;
				CLANG_ENABLE_OBJC_ARC = YES;
				CLANG_WARN_BOOL_CONVERSION = YES;
				CLANG_WARN_CONSTANT_CONVERSION = YES;
				CLANG_WARN_DIRECT_OBJC_ISA_USAGE = YES_ERROR;
				CLANG_WARN_EMPTY_BODY = YES;
				CLANG_WARN_ENUM_CONVERSION = YES;
				CLANG_WARN_INT_CONVERSION = YES;
				CLANG_WARN_OBJC_ROOT_CLASS = YES_ERROR;
				CLANG_WARN_UNREACHABLE_CODE = YES;
				CLANG_WARN__DUPLICATE_METHOD_MATCH = YES;
				"CODE_SIGN_IDENTITY[sdk=iphoneos*]" = "iPhone Developer";
				COPY_PHASE_STRIP = NO;
				ENABLE_NS_ASSERTIONS = NO;
				ENABLE_STRICT_OBJC_MSGSEND = YES;
				GCC_C_LANGUAGE_STANDARD = gnu99;
				GCC_WARN_64_TO_32_BIT_CONVERSION = YES;
				GCC_WARN_ABOUT_RETURN_TYPE = YES_ERROR;
				GCC_WARN_UNDECLARED_SELECTOR = YES;
				GCC_WARN_UNINITIALIZED_AUTOS = YES_AGGRESSIVE;
				GCC_WARN_UNUSED_FUNCTION = YES;
				GCC_WARN_UNUSED_VARIABLE = YES;
				IPHONEOS_DEPLOYMENT_TARGET = 8.2;
				MTL_ENABLE_DEBUG_INFO = NO;
				SDKROOT = iphoneos;
				TARGETED_DEVICE_FAMILY = "1,2";
				VALIDATE_PRODUCT = YES;
			};
			name = Release;
		};
		3E2542AB1ABB7A2D0063BA22 /* Debug */ = {
			isa = XCBuildConfiguration;
			buildSettings = {
				ASSETCATALOG_COMPILER_APPICON_NAME = AppIcon;
				INFOPLIST_FILE = Farkle/Info.plist;
				LD_RUNPATH_SEARCH_PATHS = "$(inherited) @executable_path/Frameworks";
				PRODUCT_NAME = "$(TARGET_NAME)";
			};
			name = Debug;
		};
		3E2542AC1ABB7A2D0063BA22 /* Release */ = {
			isa = XCBuildConfiguration;
			buildSettings = {
				ASSETCATALOG_COMPILER_APPICON_NAME = AppIcon;
				INFOPLIST_FILE = Farkle/Info.plist;
				LD_RUNPATH_SEARCH_PATHS = "$(inherited) @executable_path/Frameworks";
				PRODUCT_NAME = "$(TARGET_NAME)";
			};
			name = Release;
		};
		3E2542AE1ABB7A2D0063BA22 /* Debug */ = {
			isa = XCBuildConfiguration;
			buildSettings = {
				BUNDLE_LOADER = "$(TEST_HOST)";
				FRAMEWORK_SEARCH_PATHS = (
					"$(SDKROOT)/Developer/Library/Frameworks",
					"$(inherited)",
				);
				GCC_PREPROCESSOR_DEFINITIONS = (
					"DEBUG=1",
					"$(inherited)",
				);
				INFOPLIST_FILE = FarkleTests/Info.plist;
				LD_RUNPATH_SEARCH_PATHS = "$(inherited) @executable_path/Frameworks @loader_path/Frameworks";
				PRODUCT_NAME = "$(TARGET_NAME)";
				TEST_HOST = "$(BUILT_PRODUCTS_DIR)/Farkle.app/Farkle";
			};
			name = Debug;
		};
		3E2542AF1ABB7A2D0063BA22 /* Release */ = {
			isa = XCBuildConfiguration;
			buildSettings = {
				BUNDLE_LOADER = "$(TEST_HOST)";
				FRAMEWORK_SEARCH_PATHS = (
					"$(SDKROOT)/Developer/Library/Frameworks",
					"$(inherited)",
				);
				INFOPLIST_FILE = FarkleTests/Info.plist;
				LD_RUNPATH_SEARCH_PATHS = "$(inherited) @executable_path/Frameworks @loader_path/Frameworks";
				PRODUCT_NAME = "$(TARGET_NAME)";
				TEST_HOST = "$(BUILT_PRODUCTS_DIR)/Farkle.app/Farkle";
			};
			name = Release;
		};
/* End XCBuildConfiguration section */

/* Begin XCConfigurationList section */
		3E2542821ABB7A2C0063BA22 /* Build configuration list for PBXProject "Farkle" */ = {
			isa = XCConfigurationList;
			buildConfigurations = (
				3E2542A81ABB7A2D0063BA22 /* Debug */,
				3E2542A91ABB7A2D0063BA22 /* Release */,
			);
			defaultConfigurationIsVisible = 0;
			defaultConfigurationName = Release;
		};
		3E2542AA1ABB7A2D0063BA22 /* Build configuration list for PBXNativeTarget "Farkle" */ = {
			isa = XCConfigurationList;
			buildConfigurations = (
				3E2542AB1ABB7A2D0063BA22 /* Debug */,
				3E2542AC1ABB7A2D0063BA22 /* Release */,
			);
			defaultConfigurationIsVisible = 0;
		};
		3E2542AD1ABB7A2D0063BA22 /* Build configuration list for PBXNativeTarget "FarkleTests" */ = {
			isa = XCConfigurationList;
			buildConfigurations = (
				3E2542AE1ABB7A2D0063BA22 /* Debug */,
				3E2542AF1ABB7A2D0063BA22 /* Release */,
			);
			defaultConfigurationIsVisible = 0;
		};
/* End XCConfigurationList section */
	};
	rootObject = 3E25427F1ABB7A2C0063BA22 /* Project object */;
}
